<?xml version="1.0" encoding="utf-8"?>
<Project ToolsVersion="4.0" xmlns="http://schemas.microsoft.com/developer/msbuild/2003">
  <ItemGroup>
    <Filter Include="999. Default">
      <UniqueIdentifier>{6acc9017-260e-469e-9daf-f7075be06649}</UniqueIdentifier>
    </Filter>
    <Filter Include="999. Default\리소스 파일">
      <UniqueIdentifier>{67DA6AB6-F800-4c08-8B7A-83BB121AAD01}</UniqueIdentifier>
      <Extensions>rc;ico;cur;bmp;dlg;rc2;rct;bin;rgs;gif;jpg;jpeg;jpe;resx;tiff;tif;png;wav;mfcribbon-ms</Extensions>
    </Filter>
    <Filter Include="00. MainFrm">
      <UniqueIdentifier>{fb0a2899-2159-4b76-ba2e-65943f31051f}</UniqueIdentifier>
    </Filter>
    <Filter Include="01. View">
      <UniqueIdentifier>{28df879c-65ec-4e50-a9b9-b47979bf7fcf}</UniqueIdentifier>
    </Filter>
    <Filter Include="01. View\0.MainView">
      <UniqueIdentifier>{24f84582-be3a-443b-ba0e-a9dfb6537870}</UniqueIdentifier>
    </Filter>
    <Filter Include="01. Util">
      <UniqueIdentifier>{5b141ff3-c61c-444d-85dc-81e9c3a78012}</UniqueIdentifier>
    </Filter>
    <Filter Include="01. Util\0. GraphicDev">
      <UniqueIdentifier>{221ab2a1-ef22-45c8-8703-6513996e2caa}</UniqueIdentifier>
    </Filter>
    <Filter Include="01. Util\1. TexturrMgr">
      <UniqueIdentifier>{3919f9bb-3d16-493b-9e96-62944d754c58}</UniqueIdentifier>
    </Filter>
    <Filter Include="02. Texture">
      <UniqueIdentifier>{9ea58706-2535-4847-bbfa-7755746e1f6f}</UniqueIdentifier>
    </Filter>
    <Filter Include="02. Obj">
      <UniqueIdentifier>{8246e1f1-042d-4c8c-aa04-608d3f3a1fd2}</UniqueIdentifier>
    </Filter>
    <Filter Include="02. Texture\0. SingleTexture">
      <UniqueIdentifier>{4f37e9b6-9bd0-40b4-ba71-817f5b123ebb}</UniqueIdentifier>
    </Filter>
    <Filter Include="02. Texture\1. MultiTexture">
      <UniqueIdentifier>{230add6c-ee6a-45d1-b1f6-cb94d68abdd0}</UniqueIdentifier>
    </Filter>
    <Filter Include="01. Util\2. TileMgr">
      <UniqueIdentifier>{e4dd05cf-76cf-4d73-b9a2-3c7c8804cddf}</UniqueIdentifier>
    </Filter>
    <Filter Include="01. Util\3. FileInfo">
      <UniqueIdentifier>{18f67d2e-feaa-4528-a208-eed82c855dff}</UniqueIdentifier>
    </Filter>
    <Filter Include="01. View\1. ControlForm">
      <UniqueIdentifier>{82d3f64d-9fe1-4e6f-a014-9c7d403e1265}</UniqueIdentifier>
    </Filter>
    <Filter Include="02. Obj\0.Background">
      <UniqueIdentifier>{d6952ba2-5273-447b-b181-88972f443b37}</UniqueIdentifier>
    </Filter>
    <Filter Include="04. Dialog">
      <UniqueIdentifier>{b540dc33-8bb3-43b1-a34e-0fbbb15ef1a4}</UniqueIdentifier>
    </Filter>
    <Filter Include="02. Obj\0.Background\TopView">
      <UniqueIdentifier>{f9874ab7-3438-4b18-90cf-5fde088fdbd3}</UniqueIdentifier>
    </Filter>
    <Filter Include="02. Obj\0.Background\QuarterView">
      <UniqueIdentifier>{03b142e7-328d-4580-b2f4-be1c7cb0ad63}</UniqueIdentifier>
    </Filter>
    <Filter Include="01. Util\4. ValuMgr">
      <UniqueIdentifier>{d649b356-8370-49a2-bc78-84ace5298f5c}</UniqueIdentifier>
    </Filter>
    <Filter Include="05. ToolTab">
      <UniqueIdentifier>{89084f0b-f20e-4d8d-b800-cde8b7b9d60e}</UniqueIdentifier>
    </Filter>
    <Filter Include="05. ToolTab\0. TabTile">
      <UniqueIdentifier>{0589c963-f64b-4765-be8a-763754da6a4c}</UniqueIdentifier>
    </Filter>
    <Filter Include="05. ToolTab\1.TabObject">
      <UniqueIdentifier>{141bf4fb-5d12-4f7b-aac6-cbb76f61ce9b}</UniqueIdentifier>
    </Filter>
    <Filter Include="05. ToolTab\3.TabCollider">
      <UniqueIdentifier>{d0afa758-faf5-40f3-8060-ae9d2e1576a3}</UniqueIdentifier>
    </Filter>
    <Filter Include="02. Obj\0.Background\ColliderView">
      <UniqueIdentifier>{b99a7f0b-9ded-4ea8-a293-0473c9fe90f6}</UniqueIdentifier>
    </Filter>
    <Filter Include="01. Util\5. ObjMgr">
      <UniqueIdentifier>{3d43bbb1-a05d-4b8c-9fed-a51aa9524e74}</UniqueIdentifier>
    </Filter>
    <Filter Include="02. Obj\1. Charactor">
      <UniqueIdentifier>{34f994b5-59a1-40be-b80a-90a840829062}</UniqueIdentifier>
    </Filter>
  </ItemGroup>
  <ItemGroup>
    <ClInclude Include="MapToolDoc.h">
      <Filter>999. Default\리소스 파일</Filter>
    </ClInclude>
    <ClInclude Include="MainFrm.h">
      <Filter>00. MainFrm</Filter>
    </ClInclude>
    <ClInclude Include="MapTool.h">
      <Filter>999. Default</Filter>
    </ClInclude>
    <ClInclude Include="Resource.h">
      <Filter>999. Default</Filter>
    </ClInclude>
    <ClInclude Include="stdafx.h">
      <Filter>999. Default</Filter>
    </ClInclude>
    <ClInclude Include="targetver.h">
      <Filter>999. Default</Filter>
    </ClInclude>
    <ClInclude Include="MapToolView.h">
      <Filter>01. View\0.MainView</Filter>
    </ClInclude>
    <ClInclude Include="GraphicDev.h">
      <Filter>01. Util\0. GraphicDev</Filter>
    </ClInclude>
    <ClInclude Include="TextureMgr.h">
      <Filter>01. Util\1. TexturrMgr</Filter>
    </ClInclude>
    <ClInclude Include="Texture.h">
      <Filter>02. Texture</Filter>
    </ClInclude>
    <ClInclude Include="Obj.h">
      <Filter>02. Obj</Filter>
    </ClInclude>
    <ClInclude Include="MultiTexture.h">
      <Filter>02. Texture\1. MultiTexture</Filter>
    </ClInclude>
    <ClInclude Include="SingleTexture.h">
      <Filter>02. Texture\0. SingleTexture</Filter>
    </ClInclude>
    <ClInclude Include="TileMgr.h">
      <Filter>01. Util\2. TileMgr</Filter>
    </ClInclude>
    <ClInclude Include="ControlForm.h">
      <Filter>01. View\1. ControlForm</Filter>
    </ClInclude>
    <ClInclude Include="Background.h">
      <Filter>02. Obj\0.Background</Filter>
    </ClInclude>
    <ClInclude Include="DebugDialog.h">
      <Filter>04. Dialog</Filter>
    </ClInclude>
    <ClInclude Include="ValueMgr.h">
      <Filter>01. Util\4. ValuMgr</Filter>
    </ClInclude>
    <ClInclude Include="TopViewBack.h">
      <Filter>02. Obj\0.Background\TopView</Filter>
    </ClInclude>
    <ClInclude Include="QuarterViewBack.h">
      <Filter>02. Obj\0.Background\QuarterView</Filter>
    </ClInclude>
    <ClInclude Include="TabCollider.h">
      <Filter>05. ToolTab\3.TabCollider</Filter>
    </ClInclude>
    <ClInclude Include="TabObject.h">
      <Filter>05. ToolTab\1.TabObject</Filter>
    </ClInclude>
    <ClInclude Include="TabTile.h">
      <Filter>05. ToolTab\0. TabTile</Filter>
    </ClInclude>
    <ClInclude Include="ColliderBack.h">
      <Filter>02. Obj\0.Background\ColliderView</Filter>
    </ClInclude>
    <ClInclude Include="FileInfo.h" />
    <ClInclude Include="ObjMgr.h" />
    <ClInclude Include="Charactor.h">
      <Filter>02. Obj\1. Charactor</Filter>
    </ClInclude>
  </ItemGroup>
  <ItemGroup>
    <ClCompile Include="MapTool.cpp">
      <Filter>999. Default</Filter>
    </ClCompile>
    <ClCompile Include="MapToolDoc.cpp">
      <Filter>999. Default</Filter>
    </ClCompile>
    <ClCompile Include="stdafx.cpp">
      <Filter>999. Default</Filter>
    </ClCompile>
    <ClCompile Include="MapToolView.cpp">
      <Filter>01. View\0.MainView</Filter>
    </ClCompile>
    <ClCompile Include="GraphicDev.cpp">
      <Filter>01. Util\0. GraphicDev</Filter>
    </ClCompile>
    <ClCompile Include="TextureMgr.cpp">
      <Filter>01. Util\1. TexturrMgr</Filter>
    </ClCompile>
    <ClCompile Include="Texture.cpp">
      <Filter>02. Texture</Filter>
    </ClCompile>
    <ClCompile Include="Obj.cpp">
      <Filter>02. Obj</Filter>
    </ClCompile>
    <ClCompile Include="SingleTexture.cpp">
      <Filter>02. Texture\0. SingleTexture</Filter>
    </ClCompile>
    <ClCompile Include="MultiTexture.cpp">
      <Filter>02. Texture\1. MultiTexture</Filter>
    </ClCompile>
    <ClCompile Include="TileMgr.cpp">
      <Filter>01. Util\2. TileMgr</Filter>
    </ClCompile>
    <ClCompile Include="ControlForm.cpp">
      <Filter>01. View\1. ControlForm</Filter>
    </ClCompile>
    <ClCompile Include="Background.cpp">
      <Filter>02. Obj\0.Background</Filter>
    </ClCompile>
    <ClCompile Include="DebugDialog.cpp">
      <Filter>04. Dialog</Filter>
    </ClCompile>
    <ClCompile Include="ValueMgr.cpp">
      <Filter>01. Util\4. ValuMgr</Filter>
    </ClCompile>
    <ClCompile Include="TopViewBack.cpp">
      <Filter>02. Obj\0.Background\TopView</Filter>
    </ClCompile>
    <ClCompile Include="QuarterViewBack.cpp">
      <Filter>02. Obj\0.Background\QuarterView</Filter>
    </ClCompile>
    <ClCompile Include="MainFrm.cpp">
      <Filter>00. MainFrm</Filter>
    </ClCompile>
    <ClCompile Include="TabCollider.cpp">
      <Filter>05. ToolTab\3.TabCollider</Filter>
    </ClCompile>
    <ClCompile Include="TabObject.cpp">
      <Filter>05. ToolTab\1.TabObject</Filter>
    </ClCompile>
    <ClCompile Include="TabTile.cpp">
      <Filter>05. ToolTab\0. TabTile</Filter>
    </ClCompile>
    <ClCompile Include="ColliderBack.cpp">
      <Filter>02. Obj\0.Background\ColliderView</Filter>
    </ClCompile>
    <ClCompile Include="FileInfo.cpp" />
    <ClCompile Include="ObjMgr.cpp" />
    <ClCompile Include="Charactor.cpp">
      <Filter>02. Obj\1. Charactor</Filter>
    </ClCompile>
  </ItemGroup>
  <ItemGroup>
    <ResourceCompile Include="MapTool.rc">
      <Filter>999. Default\리소스 파일</Filter>
    </ResourceCompile>
  </ItemGroup>
  <ItemGroup>
    <None Include="res\MapTool.rc2">
      <Filter>999. Default\리소스 파일</Filter>
    </None>
  </ItemGroup>
  <ItemGroup>
    <Image Include="res\MapToolDoc.ico">
      <Filter>999. Default\리소스 파일</Filter>
    </Image>
    <Image Include="res\MapTool.ico">
      <Filter>999. Default\리소스 파일</Filter>
    </Image>
    <Image Include="res\Toolbar.bmp">
      <Filter>999. Default\리소스 파일</Filter>
    </Image>
  </ItemGroup>
  <ItemGroup>
    <Text Include="ReadMe.txt">
      <Filter>999. Default</Filter>
    </Text>
  </ItemGroup>
</Project>